lockfileVersion: '9.0'

settings:
  autoInstallPeers: true
  excludeLinksFromLockfile: false

importers:

  .:
    dependencies:
      '@hono/node-server':
        specifier: ^1.13.7
        version: 1.13.7(hono@4.6.12)
      '@hono/zod-openapi':
        specifier: ^0.18.3
        version: 0.18.3(hono@4.6.12)(zod@3.23.8)
      hono:
        specifier: ^4.6.12
        version: 4.6.12
      hono-pino:
        specifier: ^0.7.0
        version: 0.7.0(hono@4.6.12)(pino@9.5.0)
      pino:
        specifier: ^9.5.0
        version: 9.5.0
      pino-pretty:
        specifier: ^13.0.0
        version: 13.0.0
      stoker:
        specifier: ^1.4.2
        version: 1.4.2(@asteasolutions/zod-to-openapi@7.2.0(zod@3.23.8))(@hono/zod-openapi@0.18.3(hono@4.6.12)(zod@3.23.8))(hono@4.6.12)(openapi3-ts@4.4.0)
      zod:
        specifier: ^3.23.8
        version: 3.23.8
    devDependencies:
      '@biomejs/biome':
        specifier: 1.9.4
        version: 1.9.4
      '@types/node':
        specifier: ^20.11.17
        version: 20.17.9
      tsx:
        specifier: ^4.7.1
        version: 4.19.2
      typescript:
        specifier: ^5.7.2
        version: 5.7.2

packages:

  '@asteasolutions/zod-to-openapi@7.2.0':
    resolution: {integrity: sha512-Va+Fq1QzKkSgmiYINSp3cASFhMsbdRH/kmCk2feijhC+yNjGoC056CRqihrVFhR8MY8HOZHdlYm2Ns2lmszCiw==}
    peerDependencies:
      zod: ^3.20.2

  '@biomejs/biome@1.9.4':
    resolution: {integrity: sha512-1rkd7G70+o9KkTn5KLmDYXihGoTaIGO9PIIN2ZB7UJxFrWw04CZHPYiMRjYsaDvVV7hP1dYNRLxSANLaBFGpog==}
    engines: {node: '>=14.21.3'}
    hasBin: true

  '@biomejs/cli-darwin-arm64@1.9.4':
    resolution: {integrity: sha512-bFBsPWrNvkdKrNCYeAp+xo2HecOGPAy9WyNyB/jKnnedgzl4W4Hb9ZMzYNbf8dMCGmUdSavlYHiR01QaYR58cw==}
    engines: {node: '>=14.21.3'}
    cpu: [arm64]
    os: [darwin]

  '@biomejs/cli-darwin-x64@1.9.4':
    resolution: {integrity: sha512-ngYBh/+bEedqkSevPVhLP4QfVPCpb+4BBe2p7Xs32dBgs7rh9nY2AIYUL6BgLw1JVXV8GlpKmb/hNiuIxfPfZg==}
    engines: {node: '>=14.21.3'}
    cpu: [x64]
    os: [darwin]

  '@biomejs/cli-linux-arm64-musl@1.9.4':
    resolution: {integrity: sha512-v665Ct9WCRjGa8+kTr0CzApU0+XXtRgwmzIf1SeKSGAv+2scAlW6JR5PMFo6FzqqZ64Po79cKODKf3/AAmECqA==}
    engines: {node: '>=14.21.3'}
    cpu: [arm64]
    os: [linux]

  '@biomejs/cli-linux-arm64@1.9.4':
    resolution: {integrity: sha512-fJIW0+LYujdjUgJJuwesP4EjIBl/N/TcOX3IvIHJQNsAqvV2CHIogsmA94BPG6jZATS4Hi+xv4SkBBQSt1N4/g==}
    engines: {node: '>=14.21.3'}
    cpu: [arm64]
    os: [linux]

  '@biomejs/cli-linux-x64-musl@1.9.4':
    resolution: {integrity: sha512-gEhi/jSBhZ2m6wjV530Yy8+fNqG8PAinM3oV7CyO+6c3CEh16Eizm21uHVsyVBEB6RIM8JHIl6AGYCv6Q6Q9Tg==}
    engines: {node: '>=14.21.3'}
    cpu: [x64]
    os: [linux]

  '@biomejs/cli-linux-x64@1.9.4':
    resolution: {integrity: sha512-lRCJv/Vi3Vlwmbd6K+oQ0KhLHMAysN8lXoCI7XeHlxaajk06u7G+UsFSO01NAs5iYuWKmVZjmiOzJ0OJmGsMwg==}
    engines: {node: '>=14.21.3'}
    cpu: [x64]
    os: [linux]

  '@biomejs/cli-win32-arm64@1.9.4':
    resolution: {integrity: sha512-tlbhLk+WXZmgwoIKwHIHEBZUwxml7bRJgk0X2sPyNR3S93cdRq6XulAZRQJ17FYGGzWne0fgrXBKpl7l4M87Hg==}
    engines: {node: '>=14.21.3'}
    cpu: [arm64]
    os: [win32]

  '@biomejs/cli-win32-x64@1.9.4':
    resolution: {integrity: sha512-8Y5wMhVIPaWe6jw2H+KlEm4wP/f7EW3810ZLmDlrEEy5KvBsb9ECEfu/kMWD484ijfQ8+nIi0giMgu9g1UAuuA==}
    engines: {node: '>=14.21.3'}
    cpu: [x64]
    os: [win32]

  '@esbuild/aix-ppc64@0.23.1':
    resolution: {integrity: sha512-6VhYk1diRqrhBAqpJEdjASR/+WVRtfjpqKuNw11cLiaWpAT/Uu+nokB+UJnevzy/P9C/ty6AOe0dwueMrGh/iQ==}
    engines: {node: '>=18'}
    cpu: [ppc64]
    os: [aix]

  '@esbuild/android-arm64@0.23.1':
    resolution: {integrity: sha512-xw50ipykXcLstLeWH7WRdQuysJqejuAGPd30vd1i5zSyKK3WE+ijzHmLKxdiCMtH1pHz78rOg0BKSYOSB/2Khw==}
    engines: {node: '>=18'}
    cpu: [arm64]
    os: [android]

  '@esbuild/android-arm@0.23.1':
    resolution: {integrity: sha512-uz6/tEy2IFm9RYOyvKl88zdzZfwEfKZmnX9Cj1BHjeSGNuGLuMD1kR8y5bteYmwqKm1tj8m4cb/aKEorr6fHWQ==}
    engines: {node: '>=18'}
    cpu: [arm]
    os: [android]

  '@esbuild/android-x64@0.23.1':
    resolution: {integrity: sha512-nlN9B69St9BwUoB+jkyU090bru8L0NA3yFvAd7k8dNsVH8bi9a8cUAUSEcEEgTp2z3dbEDGJGfP6VUnkQnlReg==}
    engines: {node: '>=18'}
    cpu: [x64]
    os: [android]

  '@esbuild/darwin-arm64@0.23.1':
    resolution: {integrity: sha512-YsS2e3Wtgnw7Wq53XXBLcV6JhRsEq8hkfg91ESVadIrzr9wO6jJDMZnCQbHm1Guc5t/CdDiFSSfWP58FNuvT3Q==}
    engines: {node: '>=18'}
    cpu: [arm64]
    os: [darwin]

  '@esbuild/darwin-x64@0.23.1':
    resolution: {integrity: sha512-aClqdgTDVPSEGgoCS8QDG37Gu8yc9lTHNAQlsztQ6ENetKEO//b8y31MMu2ZaPbn4kVsIABzVLXYLhCGekGDqw==}
    engines: {node: '>=18'}
    cpu: [x64]
    os: [darwin]

  '@esbuild/freebsd-arm64@0.23.1':
    resolution: {integrity: sha512-h1k6yS8/pN/NHlMl5+v4XPfikhJulk4G+tKGFIOwURBSFzE8bixw1ebjluLOjfwtLqY0kewfjLSrO6tN2MgIhA==}
    engines: {node: '>=18'}
    cpu: [arm64]
    os: [freebsd]

  '@esbuild/freebsd-x64@0.23.1':
    resolution: {integrity: sha512-lK1eJeyk1ZX8UklqFd/3A60UuZ/6UVfGT2LuGo3Wp4/z7eRTRYY+0xOu2kpClP+vMTi9wKOfXi2vjUpO1Ro76g==}
    engines: {node: '>=18'}
    cpu: [x64]
    os: [freebsd]

  '@esbuild/linux-arm64@0.23.1':
    resolution: {integrity: sha512-/93bf2yxencYDnItMYV/v116zff6UyTjo4EtEQjUBeGiVpMmffDNUyD9UN2zV+V3LRV3/on4xdZ26NKzn6754g==}
    engines: {node: '>=18'}
    cpu: [arm64]
    os: [linux]

  '@esbuild/linux-arm@0.23.1':
    resolution: {integrity: sha512-CXXkzgn+dXAPs3WBwE+Kvnrf4WECwBdfjfeYHpMeVxWE0EceB6vhWGShs6wi0IYEqMSIzdOF1XjQ/Mkm5d7ZdQ==}
    engines: {node: '>=18'}
    cpu: [arm]
    os: [linux]

  '@esbuild/linux-ia32@0.23.1':
    resolution: {integrity: sha512-VTN4EuOHwXEkXzX5nTvVY4s7E/Krz7COC8xkftbbKRYAl96vPiUssGkeMELQMOnLOJ8k3BY1+ZY52tttZnHcXQ==}
    engines: {node: '>=18'}
    cpu: [ia32]
    os: [linux]

  '@esbuild/linux-loong64@0.23.1':
    resolution: {integrity: sha512-Vx09LzEoBa5zDnieH8LSMRToj7ir/Jeq0Gu6qJ/1GcBq9GkfoEAoXvLiW1U9J1qE/Y/Oyaq33w5p2ZWrNNHNEw==}
    engines: {node: '>=18'}
    cpu: [loong64]
    os: [linux]

  '@esbuild/linux-mips64el@0.23.1':
    resolution: {integrity: sha512-nrFzzMQ7W4WRLNUOU5dlWAqa6yVeI0P78WKGUo7lg2HShq/yx+UYkeNSE0SSfSure0SqgnsxPvmAUu/vu0E+3Q==}
    engines: {node: '>=18'}
    cpu: [mips64el]
    os: [linux]

  '@esbuild/linux-ppc64@0.23.1':
    resolution: {integrity: sha512-dKN8fgVqd0vUIjxuJI6P/9SSSe/mB9rvA98CSH2sJnlZ/OCZWO1DJvxj8jvKTfYUdGfcq2dDxoKaC6bHuTlgcw==}
    engines: {node: '>=18'}
    cpu: [ppc64]
    os: [linux]

  '@esbuild/linux-riscv64@0.23.1':
    resolution: {integrity: sha512-5AV4Pzp80fhHL83JM6LoA6pTQVWgB1HovMBsLQ9OZWLDqVY8MVobBXNSmAJi//Csh6tcY7e7Lny2Hg1tElMjIA==}
    engines: {node: '>=18'}
    cpu: [riscv64]
    os: [linux]

  '@esbuild/linux-s390x@0.23.1':
    resolution: {integrity: sha512-9ygs73tuFCe6f6m/Tb+9LtYxWR4c9yg7zjt2cYkjDbDpV/xVn+68cQxMXCjUpYwEkze2RcU/rMnfIXNRFmSoDw==}
    engines: {node: '>=18'}
    cpu: [s390x]
    os: [linux]

  '@esbuild/linux-x64@0.23.1':
    resolution: {integrity: sha512-EV6+ovTsEXCPAp58g2dD68LxoP/wK5pRvgy0J/HxPGB009omFPv3Yet0HiaqvrIrgPTBuC6wCH1LTOY91EO5hQ==}
    engines: {node: '>=18'}
    cpu: [x64]
    os: [linux]

  '@esbuild/netbsd-x64@0.23.1':
    resolution: {integrity: sha512-aevEkCNu7KlPRpYLjwmdcuNz6bDFiE7Z8XC4CPqExjTvrHugh28QzUXVOZtiYghciKUacNktqxdpymplil1beA==}
    engines: {node: '>=18'}
    cpu: [x64]
    os: [netbsd]

  '@esbuild/openbsd-arm64@0.23.1':
    resolution: {integrity: sha512-3x37szhLexNA4bXhLrCC/LImN/YtWis6WXr1VESlfVtVeoFJBRINPJ3f0a/6LV8zpikqoUg4hyXw0sFBt5Cr+Q==}
    engines: {node: '>=18'}
    cpu: [arm64]
    os: [openbsd]

  '@esbuild/openbsd-x64@0.23.1':
    resolution: {integrity: sha512-aY2gMmKmPhxfU+0EdnN+XNtGbjfQgwZj43k8G3fyrDM/UdZww6xrWxmDkuz2eCZchqVeABjV5BpildOrUbBTqA==}
    engines: {node: '>=18'}
    cpu: [x64]
    os: [openbsd]

  '@esbuild/sunos-x64@0.23.1':
    resolution: {integrity: sha512-RBRT2gqEl0IKQABT4XTj78tpk9v7ehp+mazn2HbUeZl1YMdaGAQqhapjGTCe7uw7y0frDi4gS0uHzhvpFuI1sA==}
    engines: {node: '>=18'}
    cpu: [x64]
    os: [sunos]

  '@esbuild/win32-arm64@0.23.1':
    resolution: {integrity: sha512-4O+gPR5rEBe2FpKOVyiJ7wNDPA8nGzDuJ6gN4okSA1gEOYZ67N8JPk58tkWtdtPeLz7lBnY6I5L3jdsr3S+A6A==}
    engines: {node: '>=18'}
    cpu: [arm64]
    os: [win32]

  '@esbuild/win32-ia32@0.23.1':
    resolution: {integrity: sha512-BcaL0Vn6QwCwre3Y717nVHZbAa4UBEigzFm6VdsVdT/MbZ38xoj1X9HPkZhbmaBGUD1W8vxAfffbDe8bA6AKnQ==}
    engines: {node: '>=18'}
    cpu: [ia32]
    os: [win32]

  '@esbuild/win32-x64@0.23.1':
    resolution: {integrity: sha512-BHpFFeslkWrXWyUPnbKm+xYYVYruCinGcftSBaa8zoF9hZO4BcSCFUvHVTtzpIY6YzUnYtuEhZ+C9iEXjxnasg==}
    engines: {node: '>=18'}
    cpu: [x64]
    os: [win32]

  '@hono/node-server@1.13.7':
    resolution: {integrity: sha512-kTfUMsoloVKtRA2fLiGSd9qBddmru9KadNyhJCwgKBxTiNkaAJEwkVN9KV/rS4HtmmNRtUh6P+YpmjRMl0d9vQ==}
    engines: {node: '>=18.14.1'}
    peerDependencies:
      hono: ^4

  '@hono/zod-openapi@0.18.3':
    resolution: {integrity: sha512-bNlRDODnp7P9Fs13ZPajEOt13G0XwXKfKRHMEFCphQsFiD1Y+twzHaglpNAhNcflzR1DQwHY92ZS06b4LTPbIQ==}
    engines: {node: '>=16.0.0'}
    peerDependencies:
      hono: '>=4.3.6'
      zod: 3.*

  '@hono/zod-validator@0.4.1':
    resolution: {integrity: sha512-I8LyfeJfvVmC5hPjZ2Iij7RjexlgSBT7QJudZ4JvNPLxn0JQ3sqclz2zydlwISAnw21D2n4LQ0nfZdoiv9fQQA==}
    peerDependencies:
      hono: '>=3.9.0'
      zod: ^3.19.1

  '@types/node@20.17.9':
    resolution: {integrity: sha512-0JOXkRyLanfGPE2QRCwgxhzlBAvaRdCNMcvbd7jFfpmD4eEXll7LRwy5ymJmyeZqk7Nh7eD2LeUyQ68BbndmXw==}

  atomic-sleep@1.0.0:
    resolution: {integrity: sha512-kNOjDqAh7px0XWNI+4QbzoiR/nTkHAWNud2uvnJquD1/x5a7EQZMJT0AczqK0Qn67oY/TTQ1LbUKajZpp3I9tQ==}
    engines: {node: '>=8.0.0'}

  colorette@2.0.20:
    resolution: {integrity: sha512-IfEDxwoWIjkeXL1eXcDiow4UbKjhLdq6/EuSVR9GMN7KVH3r9gQ83e73hsz1Nd1T3ijd5xv1wcWRYO+D6kCI2w==}

  dateformat@4.6.3:
    resolution: {integrity: sha512-2P0p0pFGzHS5EMnhdxQi7aJN+iMheud0UhG4dlE1DLAlvL8JHjJJTX/CSm4JXwV0Ka5nGk3zC5mcb5bUQUxxMA==}

  defu@6.1.4:
    resolution: {integrity: sha512-mEQCMmwJu317oSz8CwdIOdwf3xMif1ttiM8LTufzc3g6kR+9Pe236twL8j3IYT1F7GfRgGcW6MWxzZjLIkuHIg==}

  end-of-stream@1.4.4:
    resolution: {integrity: sha512-+uw1inIHVPQoaVuHzRyXd21icM+cnt4CzD5rW+NC1wjOUSTOs+Te7FOv7AhN7vS9x/oIyhLP5PR1H+phQAHu5Q==}

  esbuild@0.23.1:
    resolution: {integrity: sha512-VVNz/9Sa0bs5SELtn3f7qhJCDPCF5oMEl5cO9/SSinpE9hbPVvxbd572HH5AKiP7WD8INO53GgfDDhRjkylHEg==}
    engines: {node: '>=18'}
    hasBin: true

  fast-copy@3.0.2:
    resolution: {integrity: sha512-dl0O9Vhju8IrcLndv2eU4ldt1ftXMqqfgN4H1cpmGV7P6jeB9FwpN9a2c8DPGE1Ys88rNUJVYDHq73CGAGOPfQ==}

  fast-redact@3.5.0:
    resolution: {integrity: sha512-dwsoQlS7h9hMeYUq1W++23NDcBLV4KqONnITDV9DjfS3q1SgDGVrBdvvTLUotWtPSD7asWDV9/CmsZPy8Hf70A==}
    engines: {node: '>=6'}

  fast-safe-stringify@2.1.1:
    resolution: {integrity: sha512-W+KJc2dmILlPplD/H4K9l9LcAHAfPtP6BY84uVLXQ6Evcz9Lcg33Y2z1IVblT6xdY54PXYVHEv+0Wpq8Io6zkA==}

  fsevents@2.3.3:
    resolution: {integrity: sha512-5xoDfX+fL7faATnagmWPpbFtwh/R77WmMMqqHGS65C3vvB0YHrgF+B1YmZ3441tMj5n63k0212XNoJwzlhffQw==}
    engines: {node: ^8.16.0 || ^10.6.0 || >=11.0.0}
    os: [darwin]

  get-tsconfig@4.8.1:
    resolution: {integrity: sha512-k9PN+cFBmaLWtVz29SkUoqU5O0slLuHJXt/2P+tMVFT+phsSGXGkp9t3rQIqdz0e+06EHNGs3oM6ZX1s2zHxRg==}

  help-me@5.0.0:
    resolution: {integrity: sha512-7xgomUX6ADmcYzFik0HzAxh/73YlKR9bmFzf51CZwR+b6YtzU2m0u49hQCqV6SvlqIqsaxovfwdvbnsw3b/zpg==}

  hono-pino@0.7.0:
    resolution: {integrity: sha512-A3LnJ3HBJ10Pmj/axLz77PnVq4STXW73C+7jWPotOj1mSdpNsdIH5b/QZeCZ+tA7mBU74LKj3zUynnBKOSFnlA==}
    engines: {node: '>=18'}
    peerDependencies:
      hono: '>=4.0.0'
      pino: '>=7.1.0'

  hono@4.6.12:
    resolution: {integrity: sha512-eHtf4kSDNw6VVrdbd5IQi16r22m3s7mWPLd7xOMhg1a/Yyb1A0qpUFq8xYMX4FMuDe1nTKeMX5rTx7Nmw+a+Ag==}
    engines: {node: '>=16.9.0'}

  joycon@3.1.1:
    resolution: {integrity: sha512-34wB/Y7MW7bzjKRjUKTa46I2Z7eV62Rkhva+KkopW7Qvv/OSWBqvkSY7vusOPrNuZcUG3tApvdVgNB8POj3SPw==}
    engines: {node: '>=10'}

  minimist@1.2.8:
    resolution: {integrity: sha512-2yyAR8qBkN3YuheJanUpWC5U3bb5osDywNB8RzDVlDwDHbocAJveqqj1u8+SVD7jkWT4yvsHCpWqqWqAxb0zCA==}

  on-exit-leak-free@2.1.2:
    resolution: {integrity: sha512-0eJJY6hXLGf1udHwfNftBqH+g73EU4B504nZeKpz1sYRKafAghwxEJunB2O7rDZkL4PGfsMVnTXZ2EjibbqcsA==}
    engines: {node: '>=14.0.0'}

  once@1.4.0:
    resolution: {integrity: sha512-lNaJgI+2Q5URQBkccEKHTQOPaXdUxnZZElQTZY0MFUAuaEqe1E+Nyvgdz/aIyNi6Z9MzO5dv1H8n58/GELp3+w==}

  openapi3-ts@4.4.0:
    resolution: {integrity: sha512-9asTNB9IkKEzWMcHmVZE7Ts3kC9G7AFHfs8i7caD8HbI76gEjdkId4z/AkP83xdZsH7PLAnnbl47qZkXuxpArw==}

  pino-abstract-transport@2.0.0:
    resolution: {integrity: sha512-F63x5tizV6WCh4R6RHyi2Ml+M70DNRXt/+HANowMflpgGFMAym/VKm6G7ZOQRjqN7XbGxK1Lg9t6ZrtzOaivMw==}

  pino-pretty@13.0.0:
    resolution: {integrity: sha512-cQBBIVG3YajgoUjo1FdKVRX6t9XPxwB9lcNJVD5GCnNM4Y6T12YYx8c6zEejxQsU0wrg9TwmDulcE9LR7qcJqA==}
    hasBin: true

  pino-std-serializers@7.0.0:
    resolution: {integrity: sha512-e906FRY0+tV27iq4juKzSYPbUj2do2X2JX4EzSca1631EB2QJQUqGbDuERal7LCtOpxl6x3+nvo9NPZcmjkiFA==}

  pino@9.5.0:
    resolution: {integrity: sha512-xSEmD4pLnV54t0NOUN16yCl7RIB1c5UUOse5HSyEXtBp+FgFQyPeDutc+Q2ZO7/22vImV7VfEjH/1zV2QuqvYw==}
    hasBin: true

  process-warning@4.0.0:
    resolution: {integrity: sha512-/MyYDxttz7DfGMMHiysAsFE4qF+pQYAA8ziO/3NcRVrQ5fSk+Mns4QZA/oRPFzvcqNoVJXQNWNAsdwBXLUkQKw==}

  pump@3.0.2:
    resolution: {integrity: sha512-tUPXtzlGM8FE3P0ZL6DVs/3P58k9nk8/jZeQCurTJylQA8qFYzHFfhBJkuqyE0FifOsQ0uKWekiZ5g8wtr28cw==}

  quick-format-unescaped@4.0.4:
    resolution: {integrity: sha512-tYC1Q1hgyRuHgloV/YXs2w15unPVh8qfu/qCTfhTYamaw7fyhumKa2yGpdSo87vY32rIclj+4fWYQXUMs9EHvg==}

  real-require@0.2.0:
    resolution: {integrity: sha512-57frrGM/OCTLqLOAh0mhVA9VBMHd+9U7Zb2THMGdBUoZVOtGbJzjxsYGDJ3A9AYYCP4hn6y1TVbaOfzWtm5GFg==}
    engines: {node: '>= 12.13.0'}

  resolve-pkg-maps@1.0.0:
    resolution: {integrity: sha512-seS2Tj26TBVOC2NIc2rOe2y2ZO7efxITtLZcGSOnHHNOQ7CkiUBfw0Iw2ck6xkIhPwLhKNLS8BO+hEpngQlqzw==}

  safe-stable-stringify@2.5.0:
    resolution: {integrity: sha512-b3rppTKm9T+PsVCBEOUR46GWI7fdOs00VKZ1+9c1EWDaDMvjQc6tUwuFyIprgGgTcWoVHSKrU8H31ZHA2e0RHA==}
    engines: {node: '>=10'}

  secure-json-parse@2.7.0:
    resolution: {integrity: sha512-6aU+Rwsezw7VR8/nyvKTx8QpWH9FrcYiXXlqC4z5d5XQBDRqtbfsRjnwGyqbi3gddNtWHuEk9OANUotL26qKUw==}

  sonic-boom@4.2.0:
    resolution: {integrity: sha512-INb7TM37/mAcsGmc9hyyI6+QR3rR1zVRu36B0NeGXKnOOLiZOfER5SA+N7X7k3yUYRzLWafduTDvJAfDswwEww==}

  split2@4.2.0:
    resolution: {integrity: sha512-UcjcJOWknrNkF6PLX83qcHM6KHgVKNkV62Y8a5uYDVv9ydGQVwAHMKqHdJje1VTWpljG0WYpCDhrCdAOYH4TWg==}
    engines: {node: '>= 10.x'}

  stoker@1.4.2:
    resolution: {integrity: sha512-zna86ZzC3fnMOIkuO+1vRMfcRw7SpC/7yafRb0u8DwDVig2pPh6POVnGB7t2A5t/rMvyr7hE7tjXTPvW8bhJKg==}
    peerDependencies:
      '@asteasolutions/zod-to-openapi': ^7.0.0
      '@hono/zod-openapi': '>=0.16.0'
      hono: ^4.0.0
      openapi3-ts: ^4.4.0
    peerDependenciesMeta:
      '@hono/zod-openapi':
        optional: true

  strip-json-comments@3.1.1:
    resolution: {integrity: sha512-6fPc+R4ihwqP6N/aIv2f1gMH8lOVtWQHoqC4yK6oSDVVocumAsfCqjkXnqiYMhmMwS/mEHLp7Vehlt3ql6lEig==}
    engines: {node: '>=8'}

  thread-stream@3.1.0:
    resolution: {integrity: sha512-OqyPZ9u96VohAyMfJykzmivOrY2wfMSf3C5TtFJVgN+Hm6aj+voFhlK+kZEIv2FBh1X6Xp3DlnCOfEQ3B2J86A==}

  tsx@4.19.2:
    resolution: {integrity: sha512-pOUl6Vo2LUq/bSa8S5q7b91cgNSjctn9ugq/+Mvow99qW6x/UZYwzxy/3NmqoT66eHYfCVvFvACC58UBPFf28g==}
    engines: {node: '>=18.0.0'}
    hasBin: true

  typescript@5.7.2:
    resolution: {integrity: sha512-i5t66RHxDvVN40HfDd1PsEThGNnlMCMT3jMUuoh9/0TaqWevNontacunWyN02LA9/fIbEWlcHZcgTKb9QoaLfg==}
    engines: {node: '>=14.17'}
    hasBin: true

  undici-types@6.19.8:
    resolution: {integrity: sha512-ve2KP6f/JnbPBFyobGHuerC9g1FYGn/F8n1LWTwNxCEzd6IfqTwUQcNXgEtmmQ6DlRrC1hrSrBnCZPokRrDHjw==}

  wrappy@1.0.2:
    resolution: {integrity: sha512-l4Sp/DRseor9wL6EvV2+TuQn63dMkPjZ/sp9XkghTEbV9KlPS1xUsZ3u7/IQO4wxtcFB4bgpQPRcR3QCvezPcQ==}

  yaml@2.6.1:
    resolution: {integrity: sha512-7r0XPzioN/Q9kXBro/XPnA6kznR73DHq+GXh5ON7ZozRO6aMjbmiBuKste2wslTFkC5d1dw0GooOCepZXJ2SAg==}
    engines: {node: '>= 14'}
    hasBin: true

  zod@3.23.8:
    resolution: {integrity: sha512-XBx9AXhXktjUqnepgTiE5flcKIYWi/rme0Eaj+5Y0lftuGBq+jyRu/md4WnuxqgP1ubdpNCsYEYPxrzVHD8d6g==}

snapshots:

  '@asteasolutions/zod-to-openapi@7.2.0(zod@3.23.8)':
    dependencies:
      openapi3-ts: 4.4.0
      zod: 3.23.8

  '@biomejs/biome@1.9.4':
    optionalDependencies:
      '@biomejs/cli-darwin-arm64': 1.9.4
      '@biomejs/cli-darwin-x64': 1.9.4
      '@biomejs/cli-linux-arm64': 1.9.4
      '@biomejs/cli-linux-arm64-musl': 1.9.4
      '@biomejs/cli-linux-x64': 1.9.4
      '@biomejs/cli-linux-x64-musl': 1.9.4
      '@biomejs/cli-win32-arm64': 1.9.4
      '@biomejs/cli-win32-x64': 1.9.4

  '@biomejs/cli-darwin-arm64@1.9.4':
    optional: true

  '@biomejs/cli-darwin-x64@1.9.4':
    optional: true

  '@biomejs/cli-linux-arm64-musl@1.9.4':
    optional: true

  '@biomejs/cli-linux-arm64@1.9.4':
    optional: true

  '@biomejs/cli-linux-x64-musl@1.9.4':
    optional: true

  '@biomejs/cli-linux-x64@1.9.4':
    optional: true

  '@biomejs/cli-win32-arm64@1.9.4':
    optional: true

  '@biomejs/cli-win32-x64@1.9.4':
    optional: true

  '@esbuild/aix-ppc64@0.23.1':
    optional: true

  '@esbuild/android-arm64@0.23.1':
    optional: true

  '@esbuild/android-arm@0.23.1':
    optional: true

  '@esbuild/android-x64@0.23.1':
    optional: true

  '@esbuild/darwin-arm64@0.23.1':
    optional: true

  '@esbuild/darwin-x64@0.23.1':
    optional: true

  '@esbuild/freebsd-arm64@0.23.1':
    optional: true

  '@esbuild/freebsd-x64@0.23.1':
    optional: true

  '@esbuild/linux-arm64@0.23.1':
    optional: true

  '@esbuild/linux-arm@0.23.1':
    optional: true

  '@esbuild/linux-ia32@0.23.1':
    optional: true

  '@esbuild/linux-loong64@0.23.1':
    optional: true

  '@esbuild/linux-mips64el@0.23.1':
    optional: true

  '@esbuild/linux-ppc64@0.23.1':
    optional: true

  '@esbuild/linux-riscv64@0.23.1':
    optional: true

  '@esbuild/linux-s390x@0.23.1':
    optional: true

  '@esbuild/linux-x64@0.23.1':
    optional: true

  '@esbuild/netbsd-x64@0.23.1':
    optional: true

  '@esbuild/openbsd-arm64@0.23.1':
    optional: true

  '@esbuild/openbsd-x64@0.23.1':
    optional: true

  '@esbuild/sunos-x64@0.23.1':
    optional: true

  '@esbuild/win32-arm64@0.23.1':
    optional: true

  '@esbuild/win32-ia32@0.23.1':
    optional: true

  '@esbuild/win32-x64@0.23.1':
    optional: true

  '@hono/node-server@1.13.7(hono@4.6.12)':
    dependencies:
      hono: 4.6.12

  '@hono/zod-openapi@0.18.3(hono@4.6.12)(zod@3.23.8)':
    dependencies:
      '@asteasolutions/zod-to-openapi': 7.2.0(zod@3.23.8)
      '@hono/zod-validator': 0.4.1(hono@4.6.12)(zod@3.23.8)
      hono: 4.6.12
      zod: 3.23.8

  '@hono/zod-validator@0.4.1(hono@4.6.12)(zod@3.23.8)':
    dependencies:
      hono: 4.6.12
      zod: 3.23.8

  '@types/node@20.17.9':
    dependencies:
      undici-types: 6.19.8

  atomic-sleep@1.0.0: {}

  colorette@2.0.20: {}

  dateformat@4.6.3: {}

  defu@6.1.4: {}

  end-of-stream@1.4.4:
    dependencies:
      once: 1.4.0

  esbuild@0.23.1:
    optionalDependencies:
      '@esbuild/aix-ppc64': 0.23.1
      '@esbuild/android-arm': 0.23.1
      '@esbuild/android-arm64': 0.23.1
      '@esbuild/android-x64': 0.23.1
      '@esbuild/darwin-arm64': 0.23.1
      '@esbuild/darwin-x64': 0.23.1
      '@esbuild/freebsd-arm64': 0.23.1
      '@esbuild/freebsd-x64': 0.23.1
      '@esbuild/linux-arm': 0.23.1
      '@esbuild/linux-arm64': 0.23.1
      '@esbuild/linux-ia32': 0.23.1
      '@esbuild/linux-loong64': 0.23.1
      '@esbuild/linux-mips64el': 0.23.1
      '@esbuild/linux-ppc64': 0.23.1
      '@esbuild/linux-riscv64': 0.23.1
      '@esbuild/linux-s390x': 0.23.1
      '@esbuild/linux-x64': 0.23.1
      '@esbuild/netbsd-x64': 0.23.1
      '@esbuild/openbsd-arm64': 0.23.1
      '@esbuild/openbsd-x64': 0.23.1
      '@esbuild/sunos-x64': 0.23.1
      '@esbuild/win32-arm64': 0.23.1
      '@esbuild/win32-ia32': 0.23.1
      '@esbuild/win32-x64': 0.23.1

  fast-copy@3.0.2: {}

  fast-redact@3.5.0: {}

  fast-safe-stringify@2.1.1: {}

  fsevents@2.3.3:
    optional: true

  get-tsconfig@4.8.1:
    dependencies:
      resolve-pkg-maps: 1.0.0

  help-me@5.0.0: {}

  hono-pino@0.7.0(hono@4.6.12)(pino@9.5.0):
    dependencies:
      defu: 6.1.4
      hono: 4.6.12
      pino: 9.5.0

  hono@4.6.12: {}

  joycon@3.1.1: {}

  minimist@1.2.8: {}

  on-exit-leak-free@2.1.2: {}

  once@1.4.0:
    dependencies:
      wrappy: 1.0.2

  openapi3-ts@4.4.0:
    dependencies:
      yaml: 2.6.1

  pino-abstract-transport@2.0.0:
    dependencies:
      split2: 4.2.0

  pino-pretty@13.0.0:
    dependencies:
      colorette: 2.0.20
      dateformat: 4.6.3
      fast-copy: 3.0.2
      fast-safe-stringify: 2.1.1
      help-me: 5.0.0
      joycon: 3.1.1
      minimist: 1.2.8
      on-exit-leak-free: 2.1.2
      pino-abstract-transport: 2.0.0
      pump: 3.0.2
      secure-json-parse: 2.7.0
      sonic-boom: 4.2.0
      strip-json-comments: 3.1.1

  pino-std-serializers@7.0.0: {}

  pino@9.5.0:
    dependencies:
      atomic-sleep: 1.0.0
      fast-redact: 3.5.0
      on-exit-leak-free: 2.1.2
      pino-abstract-transport: 2.0.0
      pino-std-serializers: 7.0.0
      process-warning: 4.0.0
      quick-format-unescaped: 4.0.4
      real-require: 0.2.0
      safe-stable-stringify: 2.5.0
      sonic-boom: 4.2.0
      thread-stream: 3.1.0

  process-warning@4.0.0: {}

  pump@3.0.2:
    dependencies:
      end-of-stream: 1.4.4
      once: 1.4.0

  quick-format-unescaped@4.0.4: {}

  real-require@0.2.0: {}

  resolve-pkg-maps@1.0.0: {}

  safe-stable-stringify@2.5.0: {}

  secure-json-parse@2.7.0: {}

  sonic-boom@4.2.0:
    dependencies:
      atomic-sleep: 1.0.0

  split2@4.2.0: {}

  stoker@1.4.2(@asteasolutions/zod-to-openapi@7.2.0(zod@3.23.8))(@hono/zod-openapi@0.18.3(hono@4.6.12)(zod@3.23.8))(hono@4.6.12)(openapi3-ts@4.4.0):
    dependencies:
      '@asteasolutions/zod-to-openapi': 7.2.0(zod@3.23.8)
      hono: 4.6.12
      openapi3-ts: 4.4.0
    optionalDependencies:
      '@hono/zod-openapi': 0.18.3(hono@4.6.12)(zod@3.23.8)

  strip-json-comments@3.1.1: {}

  thread-stream@3.1.0:
    dependencies:
      real-require: 0.2.0

  tsx@4.19.2:
    dependencies:
      esbuild: 0.23.1
      get-tsconfig: 4.8.1
    optionalDependencies:
      fsevents: 2.3.3

  typescript@5.7.2: {}

  undici-types@6.19.8: {}

  wrappy@1.0.2: {}

  yaml@2.6.1: {}

  zod@3.23.8: {}
